{
  "name": "simplesamlphp-module-material",
  "lockfileVersion": 2,
  "requires": true,
  "packages": {
    "": {
      "name": "simplesamlphp-module-material",
      "dependencies": {
        "@simplewebauthn/browser": "^4.1.0"
      }
    },
    "node_modules/@simplewebauthn/browser": {
      "version": "4.1.0",
      "resolved": "https://registry.npmjs.org/@simplewebauthn/browser/-/browser-4.1.0.tgz",
      "integrity": "sha512-tIsEfShC1rrqrsNb44tOFuSriAFCz4tkdDnCjHfn2rYxgz+t+yqEvuIRfJHQpFrWSnZPdsjrAHtasj6lzfGI6w=="
    }
  },
  "dependencies": {
    "@simplewebauthn/browser": {
      "version": "4.1.0",
      "resolved": "https://registry.npmjs.org/@simplewebauthn/browser/-/browser-4.1.0.tgz",
      "integrity": "sha512-tIsEfShC1rrqrsNb44tOFuSriAFCz4tkdDnCjHfn2rYxgz+t+yqEvuIRfJHQpFrWSnZPdsjrAHtasj6lzfGI6w=="
    }
  }
}
